
Microsoft Visual Studio Solution File, Format Version 12.00
Project("{FAE04EC0-301F-11D3-BF4B-00C04F79EFBC}") = "HTTPClient", "HTTPClient\HTTPClient.csproj", "{B318141A-F89C-4B27-9766-103826EEAD78}"
EndProject
Project("{FAE04EC0-301F-11D3-BF4B-00C04F79EFBC}") = "Domain", "Domain\Domain.csproj", "{DDFEA3F3-9F8E-4337-823C-1440A09AD91A}"
EndProject
Project("{FAE04EC0-301F-11D3-BF4B-00C04F79EFBC}") = "GrpcService", "GrpcService\GrpcService.csproj", "{C04ACE6B-B359-4B94-B3EB-D72C72403875}"
EndProject
Project("{FAE04EC0-301F-11D3-BF4B-00C04F79EFBC}") = "Entities", "Entities\Entities.csproj", "{079077AE-0C4C-4C05-8FD5-4C48CD9E6DF0}"
EndProject
Global
	GlobalSection(SolutionConfigurationPlatforms) = preSolution
		Debug|Any CPU = Debug|Any CPU
		Release|Any CPU = Release|Any CPU
	EndGlobalSection
	GlobalSection(ProjectConfigurationPlatforms) = postSolution
		{B318141A-F89C-4B27-9766-103826EEAD78}.Debug|Any CPU.ActiveCfg = Debug|Any CPU
		{B318141A-F89C-4B27-9766-103826EEAD78}.Debug|Any CPU.Build.0 = Debug|Any CPU
		{B318141A-F89C-4B27-9766-103826EEAD78}.Release|Any CPU.ActiveCfg = Release|Any CPU
		{B318141A-F89C-4B27-9766-103826EEAD78}.Release|Any CPU.Build.0 = Release|Any CPU
		{DDFEA3F3-9F8E-4337-823C-1440A09AD91A}.Debug|Any CPU.ActiveCfg = Debug|Any CPU
		{DDFEA3F3-9F8E-4337-823C-1440A09AD91A}.Debug|Any CPU.Build.0 = Debug|Any CPU
		{DDFEA3F3-9F8E-4337-823C-1440A09AD91A}.Release|Any CPU.ActiveCfg = Release|Any CPU
		{DDFEA3F3-9F8E-4337-823C-1440A09AD91A}.Release|Any CPU.Build.0 = Release|Any CPU
		{C04ACE6B-B359-4B94-B3EB-D72C72403875}.Debug|Any CPU.ActiveCfg = Debug|Any CPU
		{C04ACE6B-B359-4B94-B3EB-D72C72403875}.Debug|Any CPU.Build.0 = Debug|Any CPU
		{C04ACE6B-B359-4B94-B3EB-D72C72403875}.Release|Any CPU.ActiveCfg = Release|Any CPU
		{C04ACE6B-B359-4B94-B3EB-D72C72403875}.Release|Any CPU.Build.0 = Release|Any CPU
		{079077AE-0C4C-4C05-8FD5-4C48CD9E6DF0}.Debug|Any CPU.ActiveCfg = Debug|Any CPU
		{079077AE-0C4C-4C05-8FD5-4C48CD9E6DF0}.Debug|Any CPU.Build.0 = Debug|Any CPU
		{079077AE-0C4C-4C05-8FD5-4C48CD9E6DF0}.Release|Any CPU.ActiveCfg = Release|Any CPU
		{079077AE-0C4C-4C05-8FD5-4C48CD9E6DF0}.Release|Any CPU.Build.0 = Release|Any CPU
	EndGlobalSection
EndGlobal
